// !$*UTF8*$!
{
	archiveVersion = 1;
	classes = {
	};
	objectVersion = 46;
	objects = {

/* Begin PBXBuildFile section */
		0FBA64A01BD23A7A00124112 /* main.m in Sources */ = {isa = PBXBuildFile; fileRef = 0FBA649F1BD23A7A00124112 /* main.m */; };
		0FBA64A31BD23A7A00124112 /* AppDelegate.m in Sources */ = {isa = PBXBuildFile; fileRef = 0FBA64A21BD23A7A00124112 /* AppDelegate.m */; };
		0FBA64A91BD23A7A00124112 /* Main.storyboard in Resources */ = {isa = PBXBuildFile; fileRef = 0FBA64A71BD23A7A00124112 /* Main.storyboard */; };
		0FBA64AB1BD23A7A00124112 /* Assets.xcassets in Resources */ = {isa = PBXBuildFile; fileRef = 0FBA64AA1BD23A7A00124112 /* Assets.xcassets */; };
		0FBA64AE1BD23A7A00124112 /* LaunchScreen.storyboard in Resources */ = {isa = PBXBuildFile; fileRef = 0FBA64AC1BD23A7A00124112 /* LaunchScreen.storyboard */; };
		0FBA64BF1BD23A8100124112 /* KMPageView.m in Sources */ = {isa = PBXBuildFile; fileRef = 0FBA64B91BD23A8100124112 /* KMPageView.m */; };
		0FBA64C01BD23A8100124112 /* KMPageViewController.m in Sources */ = {isa = PBXBuildFile; fileRef = 0FBA64BB1BD23A8100124112 /* KMPageViewController.m */; };
		0FBA64C11BD23A8100124112 /* KMSegmentedBar.m in Sources */ = {isa = PBXBuildFile; fileRef = 0FBA64BD1BD23A8100124112 /* KMSegmentedBar.m */; };
		0FBA64C41BD23ABE00124112 /* TableViewController.m in Sources */ = {isa = PBXBuildFile; fileRef = 0FBA64C31BD23ABE00124112 /* TableViewController.m */; };
		0FBA64C71BD23AC500124112 /* PageViewController.m in Sources */ = {isa = PBXBuildFile; fileRef = 0FBA64C61BD23AC500124112 /* PageViewController.m */; };
		7E3E0F221C84401D00015DEB /* UIViewController+KMAdditions.m in Sources */ = {isa = PBXBuildFile; fileRef = 7E3E0F201C84401D00015DEB /* UIViewController+KMAdditions.m */; };
		7EB720A61C75458900C9D103 /* KMPageViewController.podspec in Resources */ = {isa = PBXBuildFile; fileRef = 7EB720A51C75458900C9D103 /* KMPageViewController.podspec */; };
/* End PBXBuildFile section */

/* Begin PBXFileReference section */
		0FBA649B1BD23A7A00124112 /* KMPageViewControllerDemo.app */ = {isa = PBXFileReference; explicitFileType = wrapper.application; includeInIndex = 0; path = KMPageViewControllerDemo.app; sourceTree = BUILT_PRODUCTS_DIR; };
		0FBA649F1BD23A7A00124112 /* main.m */ = {isa = PBXFileReference; lastKnownFileType = sourcecode.c.objc; path = main.m; sourceTree = "<group>"; };
		0FBA64A11BD23A7A00124112 /* AppDelegate.h */ = {isa = PBXFileReference; lastKnownFileType = sourcecode.c.h; path = AppDelegate.h; sourceTree = "<group>"; };
		0FBA64A21BD23A7A00124112 /* AppDelegate.m */ = {isa = PBXFileReference; lastKnownFileType = sourcecode.c.objc; path = AppDelegate.m; sourceTree = "<group>"; };
		0FBA64A81BD23A7A00124112 /* Base */ = {isa = PBXFileReference; lastKnownFileType = file.storyboard; name = Base; path = Base.lproj/Main.storyboard; sourceTree = "<group>"; };
		0FBA64AA1BD23A7A00124112 /* Assets.xcassets */ = {isa = PBXFileReference; lastKnownFileType = folder.assetcatalog; path = Assets.xcassets; sourceTree = "<group>"; };
		0FBA64AD1BD23A7A00124112 /* Base */ = {isa = PBXFileReference; lastKnownFileType = file.storyboard; name = Base; path = Base.lproj/LaunchScreen.storyboard; sourceTree = "<group>"; };
		0FBA64AF1BD23A7A00124112 /* Info.plist */ = {isa = PBXFileReference; lastKnownFileType = text.plist.xml; path = Info.plist; sourceTree = "<group>"; };
		0FBA64B81BD23A8100124112 /* KMPageView.h */ = {isa = PBXFileReference; fileEncoding = 4; lastKnownFileType = sourcecode.c.h; path = KMPageView.h; sourceTree = "<group>"; };
		0FBA64B91BD23A8100124112 /* KMPageView.m */ = {isa = PBXFileReference; fileEncoding = 4; lastKnownFileType = sourcecode.c.objc; path = KMPageView.m; sourceTree = "<group>"; };
		0FBA64BA1BD23A8100124112 /* KMPageViewController.h */ = {isa = PBXFileReference; fileEncoding = 4; lastKnownFileType = sourcecode.c.h; path = KMPageViewController.h; sourceTree = "<group>"; };
		0FBA64BB1BD23A8100124112 /* KMPageViewController.m */ = {isa = PBXFileReference; fileEncoding = 4; lastKnownFileType = sourcecode.c.objc; path = KMPageViewController.m; sourceTree = "<group>"; };
		0FBA64BC1BD23A8100124112 /* KMSegmentedBar.h */ = {isa = PBXFileReference; fileEncoding = 4; lastKnownFileType = sourcecode.c.h; path = KMSegmentedBar.h; sourceTree = "<group>"; };
		0FBA64BD1BD23A8100124112 /* KMSegmentedBar.m */ = {isa = PBXFileReference; fileEncoding = 4; lastKnownFileType = sourcecode.c.objc; path = KMSegmentedBar.m; sourceTree = "<group>"; };
		0FBA64C21BD23ABE00124112 /* TableViewController.h */ = {isa = PBXFileReference; fileEncoding = 4; lastKnownFileType = sourcecode.c.h; path = TableViewController.h; sourceTree = "<group>"; };
		0FBA64C31BD23ABE00124112 /* TableViewController.m */ = {isa = PBXFileReference; fileEncoding = 4; lastKnownFileType = sourcecode.c.objc; path = TableViewController.m; sourceTree = "<group>"; };
		0FBA64C51BD23AC500124112 /* PageViewController.h */ = {isa = PBXFileReference; fileEncoding = 4; lastKnownFileType = sourcecode.c.h; path = PageViewController.h; sourceTree = "<group>"; };
		0FBA64C61BD23AC500124112 /* PageViewController.m */ = {isa = PBXFileReference; fileEncoding = 4; lastKnownFileType = sourcecode.c.objc; path = PageViewController.m; sourceTree = "<group>"; };
		7E3E0F1F1C84401D00015DEB /* UIViewController+KMAdditions.h */ = {isa = PBXFileReference; fileEncoding = 4; lastKnownFileType = sourcecode.c.h; path = "UIViewController+KMAdditions.h"; sourceTree = "<group>"; };
		7E3E0F201C84401D00015DEB /* UIViewController+KMAdditions.m */ = {isa = PBXFileReference; fileEncoding = 4; lastKnownFileType = sourcecode.c.objc; path = "UIViewController+KMAdditions.m"; sourceTree = "<group>"; };
		7EB720A51C75458900C9D103 /* KMPageViewController.podspec */ = {isa = PBXFileReference; fileEncoding = 4; lastKnownFileType = text; name = KMPageViewController.podspec; path = ../KMPageViewController.podspec; sourceTree = "<group>"; };
/* End PBXFileReference section */

/* Begin PBXFrameworksBuildPhase section */
		0FBA64981BD23A7A00124112 /* Frameworks */ = {
			isa = PBXFrameworksBuildPhase;
			buildActionMask = 2147483647;
			files = (
			);
			runOnlyForDeploymentPostprocessing = 0;
		};
/* End PBXFrameworksBuildPhase section */

/* Begin PBXGroup section */
		0FBA64921BD23A7A00124112 = {
			isa = PBXGroup;
			children = (
				7EB720A51C75458900C9D103 /* KMPageViewController.podspec */,
				0FBA64B51BD23A8100124112 /* KMPageViewController */,
				0FBA649D1BD23A7A00124112 /* KMPageViewControllerDemo */,
				0FBA649C1BD23A7A00124112 /* Products */,
			);
			sourceTree = "<group>";
		};
		0FBA649C1BD23A7A00124112 /* Products */ = {
			isa = PBXGroup;
			children = (
				0FBA649B1BD23A7A00124112 /* KMPageViewControllerDemo.app */,
			);
			name = Products;
			sourceTree = "<group>";
		};
		0FBA649D1BD23A7A00124112 /* KMPageViewControllerDemo */ = {
			isa = PBXGroup;
			children = (
				0FBA64A11BD23A7A00124112 /* AppDelegate.h */,
				0FBA64A21BD23A7A00124112 /* AppDelegate.m */,
				0FBA64C51BD23AC500124112 /* PageViewController.h */,
				0FBA64C61BD23AC500124112 /* PageViewController.m */,
				0FBA64C21BD23ABE00124112 /* TableViewController.h */,
				0FBA64C31BD23ABE00124112 /* TableViewController.m */,
				0FBA64A71BD23A7A00124112 /* Main.storyboard */,
				0FBA64AA1BD23A7A00124112 /* Assets.xcassets */,
				0FBA64AC1BD23A7A00124112 /* LaunchScreen.storyboard */,
				0FBA64AF1BD23A7A00124112 /* Info.plist */,
				0FBA649E1BD23A7A00124112 /* Supporting Files */,
			);
			path = KMPageViewControllerDemo;
			sourceTree = "<group>";
		};
		0FBA649E1BD23A7A00124112 /* Supporting Files */ = {
			isa = PBXGroup;
			children = (
				0FBA649F1BD23A7A00124112 /* main.m */,
			);
			name = "Supporting Files";
			sourceTree = "<group>";
		};
		0FBA64B51BD23A8100124112 /* KMPageViewController */ = {
			isa = PBXGroup;
			children = (
				7E3E0F1C1C84401D00015DEB /* Categorys */,
				0FBA64B81BD23A8100124112 /* KMPageView.h */,
				0FBA64B91BD23A8100124112 /* KMPageView.m */,
				0FBA64BA1BD23A8100124112 /* KMPageViewController.h */,
				0FBA64BB1BD23A8100124112 /* KMPageViewController.m */,
				0FBA64BC1BD23A8100124112 /* KMSegmentedBar.h */,
				0FBA64BD1BD23A8100124112 /* KMSegmentedBar.m */,
			);
			name = KMPageViewController;
			path = ../KMPageViewController;
			sourceTree = "<group>";
		};
		7E3E0F1C1C84401D00015DEB /* Categorys */ = {
			isa = PBXGroup;
			children = (
				7E3E0F1F1C84401D00015DEB /* UIViewController+KMAdditions.h */,
				7E3E0F201C84401D00015DEB /* UIViewController+KMAdditions.m */,
			);
			path = Categorys;
			sourceTree = "<group>";
		};
/* End PBXGroup section */

/* Begin PBXNativeTarget section */
		0FBA649A1BD23A7A00124112 /* KMPageViewControllerDemo */ = {
			isa = PBXNativeTarget;
			buildConfigurationList = 0FBA64B21BD23A7A00124112 /* Build configuration list for PBXNativeTarget "KMPageViewControllerDemo" */;
			buildPhases = (
				0FBA64971BD23A7A00124112 /* Sources */,
				0FBA64981BD23A7A00124112 /* Frameworks */,
				0FBA64991BD23A7A00124112 /* Resources */,
			);
			buildRules = (
			);
			dependencies = (
			);
			name = KMPageViewControllerDemo;
			productName = KMPageViewControllerDemo;
			productReference = 0FBA649B1BD23A7A00124112 /* KMPageViewControllerDemo.app */;
			productType = "com.apple.product-type.application";
		};
/* End PBXNativeTarget section */

/* Begin PBXProject section */
		0FBA64931BD23A7A00124112 /* Project object */ = {
			isa = PBXProject;
			attributes = {
				LastUpgradeCheck = 0700;
				ORGANIZATIONNAME = Dalkomm;
				TargetAttributes = {
					0FBA649A1BD23A7A00124112 = {
						CreatedOnToolsVersion = 7.0.1;
						DevelopmentTeam = 6V6UAGM9A4;
					};
				};
			};
			buildConfigurationList = 0FBA64961BD23A7A00124112 /* Build configuration list for PBXProject "KMPageViewControllerDemo" */;
			compatibilityVersion = "Xcode 3.2";
			developmentRegion = English;
			hasScannedForEncodings = 0;
			knownRegions = (
				en,
				Base,
			);
			mainGroup = 0FBA64921BD23A7A00124112;
			productRefGroup = 0FBA649C1BD23A7A00124112 /* Products */;
			projectDirPath = "";
			projectRoot = "";
			targets = (
				0FBA649A1BD23A7A00124112 /* KMPageViewControllerDemo */,
			);
		};
/* End PBXProject section */

/* Begin PBXResourcesBuildPhase section */
		0FBA64991BD23A7A00124112 /* Resources */ = {
			isa = PBXResourcesBuildPhase;
			buildActionMask = 2147483647;
			files = (
				7EB720A61C75458900C9D103 /* KMPageViewController.podspec in Resources */,
				0FBA64AE1BD23A7A00124112 /* LaunchScreen.storyboard in Resources */,
				0FBA64AB1BD23A7A00124112 /* Assets.xcassets in Resources */,
				0FBA64A91BD23A7A00124112 /* Main.storyboard in Resources */,
			);
			runOnlyForDeploymentPostprocessing = 0;
		};
/* End PBXResourcesBuildPhase section */

/* Begin PBXSourcesBuildPhase section */
		0FBA64971BD23A7A00124112 /* Sources */ = {
			isa = PBXSourcesBuildPhase;
			buildActionMask = 2147483647;
			files = (
				0FBA64C71BD23AC500124112 /* PageViewController.m in Sources */,
				0FBA64A31BD23A7A00124112 /* AppDelegate.m in Sources */,
				0FBA64BF1BD23A8100124112 /* KMPageView.m in Sources */,
				0FBA64C11BD23A8100124112 /* KMSegmentedBar.m in Sources */,
				0FBA64A01BD23A7A00124112 /* main.m in Sources */,
				0FBA64C01BD23A8100124112 /* KMPageViewController.m in Sources */,
				0FBA64C41BD23ABE00124112 /* TableViewController.m in Sources */,
				7E3E0F221C84401D00015DEB /* UIViewController+KMAdditions.m in Sources */,
			);
			runOnlyForDeploymentPostprocessing = 0;
		};
/* End PBXSourcesBuildPhase section */

/* Begin PBXVariantGroup section */
		0FBA64A71BD23A7A00124112 /* Main.storyboard */ = {
			isa = PBXVariantGroup;
			children = (
				0FBA64A81BD23A7A00124112 /* Base */,
			);
			name = Main.storyboard;
			sourceTree = "<group>";
		};
		0FBA64AC1BD23A7A00124112 /* LaunchScreen.storyboard */ = {
			isa = PBXVariantGroup;
			children = (
				0FBA64AD1BD23A7A00124112 /* Base */,
			);
			name = LaunchScreen.storyboard;
			sourceTree = "<group>";
		};
/* End PBXVariantGroup section */

/* Begin XCBuildConfiguration section */
		0FBA64B01BD23A7A00124112 /* Debug */ = {
			isa = XCBuildConfiguration;
			buildSettings = {
				ALWAYS_SEARCH_USER_PATHS = NO;
				CLANG_CXX_LANGUAGE_STANDARD = "gnu++0x";
				CLANG_CXX_LIBRARY = "libc++";
				CLANG_ENABLE_MODULES = YES;
				CLANG_ENABLE_OBJC_ARC = YES;
				CLANG_WARN_BOOL_CONVERSION = YES;
				CLANG_WARN_CONSTANT_CONVERSION = YES;
				CLANG_WARN_DIRECT_OBJC_ISA_USAGE = YES_ERROR;
				CLANG_WARN_EMPTY_BODY = YES;
				CLANG_WARN_ENUM_CONVERSION = YES;
				CLANG_WARN_INT_CONVERSION = YES;
				CLANG_WARN_OBJC_ROOT_CLASS = YES_ERROR;
				CLANG_WARN_UNREACHABLE_CODE = YES;
				CLANG_WARN__DUPLICATE_METHOD_MATCH = YES;
				"CODE_SIGN_IDENTITY[sdk=iphoneos*]" = "iPhone Developer";
				COPY_PHASE_STRIP = NO;
				DEBUG_INFORMATION_FORMAT = dwarf;
				ENABLE_STRICT_OBJC_MSGSEND = YES;
				ENABLE_TESTABILITY = YES;
				GCC_C_LANGUAGE_STANDARD = gnu99;
				GCC_DYNAMIC_NO_PIC = NO;
				GCC_NO_COMMON_BLOCKS = YES;
				GCC_OPTIMIZATION_LEVEL = 0;
				GCC_PREPROCESSOR_DEFINITIONS = (
					"DEBUG=1",
					"$(inherited)",
				);
				GCC_WARN_64_TO_32_BIT_CONVERSION = YES;
				GCC_WARN_ABOUT_RETURN_TYPE = YES_ERROR;
				GCC_WARN_UNDECLARED_SELECTOR = YES;
				GCC_WARN_UNINITIALIZED_AUTOS = YES_AGGRESSIVE;
				GCC_WARN_UNUSED_FUNCTION = YES;
				GCC_WARN_UNUSED_VARIABLE = YES;
				IPHONEOS_DEPLOYMENT_TARGET = 9.0;
				MTL_ENABLE_DEBUG_INFO = YES;
				ONLY_ACTIVE_ARCH = YES;
				SDKROOT = iphoneos;
			};
			name = Debug;
		};
		0FBA64B11BD23A7A00124112 /* Release */ = {
			isa = XCBuildConfiguration;
			buildSettings = {
				ALWAYS_SEARCH_USER_PATHS = NO;
				CLANG_CXX_LANGUAGE_STANDARD = "gnu++0x";
				CLANG_CXX_LIBRARY = "libc++";
				CLANG_ENABLE_MODULES = YES;
				CLANG_ENABLE_OBJC_ARC = YES;
				CLANG_WARN_BOOL_CONVERSION = YES;
				CLANG_WARN_CONSTANT_CONVERSION = YES;
				CLANG_WARN_DIRECT_OBJC_ISA_USAGE = YES_ERROR;
				CLANG_WARN_EMPTY_BODY = YES;
				CLANG_WARN_ENUM_CONVERSION = YES;
				CLANG_WARN_INT_CONVERSION = YES;
				CLANG_WARN_OBJC_ROOT_CLASS = YES_ERROR;
				CLANG_WARN_UNREACHABLE_CODE = YES;
				CLANG_WARN__DUPLICATE_METHOD_MATCH = YES;
				"CODE_SIGN_IDENTITY[sdk=iphoneos*]" = "iPhone Developer";
				COPY_PHASE_STRIP = NO;
				DEBUG_INFORMATION_FORMAT = "dwarf-with-dsym";
				ENABLE_NS_ASSERTIONS = NO;
				ENABLE_STRICT_OBJC_MSGSEND = YES;
				GCC_C_LANGUAGE_STANDARD = gnu99;
				GCC_NO_COMMON_BLOCKS = YES;
				GCC_WARN_64_TO_32_BIT_CONVERSION = YES;
				GCC_WARN_ABOUT_RETURN_TYPE = YES_ERROR;
				GCC_WARN_UNDECLARED_SELECTOR = YES;
				GCC_WARN_UNINITIALIZED_AUTOS = YES_AGGRESSIVE;
				GCC_WARN_UNUSED_FUNCTION = YES;
				GCC_WARN_UNUSED_VARIABLE = YES;
				IPHONEOS_DEPLOYMENT_TARGET = 9.0;
				MTL_ENABLE_DEBUG_INFO = NO;
				SDKROOT = iphoneos;
				VALIDATE_PRODUCT = YES;
			};
			name = Release;
		};
		0FBA64B31BD23A7A00124112 /* Debug */ = {
			isa = XCBuildConfiguration;
			buildSettings = {
				ASSETCATALOG_COMPILER_APPICON_NAME = AppIcon;
				CODE_SIGN_IDENTITY = "iPhone Developer";
				"CODE_SIGN_IDENTITY[sdk=iphoneos*]" = "iPhone Developer";
				INFOPLIST_FILE = KMPageViewControllerDemo/Info.plist;
				IPHONEOS_DEPLOYMENT_TARGET = 8.1;
				LD_RUNPATH_SEARCH_PATHS = "$(inherited) @executable_path/Frameworks";
				PRODUCT_BUNDLE_IDENTIFIER = dalkomm.KMPageViewControllerDemo;
				PRODUCT_NAME = "$(TARGET_NAME)";
				PROVISIONING_PROFILE = "";
			};
			name = Debug;
		};
		0FBA64B41BD23A7A00124112 /* Release */ = {
			isa = XCBuildConfiguration;
			buildSettings = {
				ASSETCATALOG_COMPILER_APPICON_NAME = AppIcon;
				CODE_SIGN_IDENTITY = "iPhone Developer";
				"CODE_SIGN_IDENTITY[sdk=iphoneos*]" = "iPhone Developer";
				INFOPLIST_FILE = KMPageViewControllerDemo/Info.plist;
				IPHONEOS_DEPLOYMENT_TARGET = 8.1;
				LD_RUNPATH_SEARCH_PATHS = "$(inherited) @executable_path/Frameworks";
				PRODUCT_BUNDLE_IDENTIFIER = dalkomm.KMPageViewControllerDemo;
				PRODUCT_NAME = "$(TARGET_NAME)";
				PROVISIONING_PROFILE = "";
			};
			name = Release;
		};
/* End XCBuildConfiguration section */

/* Begin XCConfigurationList section */
		0FBA64961BD23A7A00124112 /* Build configuration list for PBXProject "KMPageViewControllerDemo" */ = {
			isa = XCConfigurationList;
			buildConfigurations = (
				0FBA64B01BD23A7A00124112 /* Debug */,
				0FBA64B11BD23A7A00124112 /* Release */,
			);
			defaultConfigurationIsVisible = 0;
			defaultConfigurationName = Release;
		};
		0FBA64B21BD23A7A00124112 /* Build configuration list for PBXNativeTarget "KMPageViewControllerDemo" */ = {
			isa = XCConfigurationList;
			buildConfigurations = (
				0FBA64B31BD23A7A00124112 /* Debug */,
				0FBA64B41BD23A7A00124112 /* Release */,
			);
			defaultConfigurationIsVisible = 0;
			defaultConfigurationName = Release;
		};
/* End XCConfigurationList section */
	};
	rootObject = 0FBA64931BD23A7A00124112 /* Project object */;
}
